<?xml version="1.0" encoding="utf-8"?>
<Project ToolsVersion="4.0" xmlns="http://schemas.microsoft.com/developer/msbuild/2003">
  <ItemGroup>
    <ClCompile Include="Engine.cpp">
      <Filter>Engine\Core</Filter>
    </ClCompile>
    <ClCompile Include="MainScene.cpp">
      <Filter>Game\Scene</Filter>
    </ClCompile>
    <ClCompile Include="Helper.cpp">
      <Filter>Engine\Helper</Filter>
    </ClCompile>
    <ClCompile Include="Renderer.cpp">
      <Filter>Engine\Renderer</Filter>
    </ClCompile>
    <ClCompile Include="Texture.cpp">
      <Filter>Engine\Texture</Filter>
    </ClCompile>
    <ClCompile Include="Input.cpp">
      <Filter>Engine\Input</Filter>
    </ClCompile>
    <ClCompile Include="main.cpp" />
    <ClCompile Include="Time.cpp">
      <Filter>Engine\Time</Filter>
    </ClCompile>
    <ClCompile Include="TexturedEntity.cpp">
      <Filter>Engine\Entity</Filter>
    </ClCompile>
    <ClCompile Include="ContentManagement.cpp">
      <Filter>Engine\Management\Content</Filter>
    </ClCompile>
    <ClCompile Include="World.cpp">
      <Filter>Game\World</Filter>
    </ClCompile>
    <ClCompile Include="Player.cpp">
      <Filter>Game\Entity\Player</Filter>
    </ClCompile>
    <ClCompile Include="Physic.cpp">
      <Filter>Engine\Physic</Filter>
    </ClCompile>
    <ClCompile Include="MoveEntity.cpp">
      <Filter>Engine\Entity</Filter>
    </ClCompile>
    <ClCompile Include="Animation.cpp">
      <Filter>Engine\Animation</Filter>
    </ClCompile>
    <ClCompile Include="Text.cpp">
      <Filter>Engine\Entity</Filter>
    </ClCompile>
    <ClCompile Include="Mouse.cpp">
      <Filter>Engine\Mouse</Filter>
    </ClCompile>
    <ClCompile Include="MenuScene.cpp">
      <Filter>Game\Scene</Filter>
    </ClCompile>
    <ClCompile Include="GameManager.cpp">
      <Filter>Game\GameManager</Filter>
    </ClCompile>
  </ItemGroup>
  <ItemGroup>
    <Filter Include="Engine">
      <UniqueIdentifier>{bd389c09-f717-4057-9f07-861606c83f4b}</UniqueIdentifier>
    </Filter>
    <Filter Include="Game">
      <UniqueIdentifier>{fcfbc48a-9bbf-481c-bab3-7eee514e108f}</UniqueIdentifier>
    </Filter>
    <Filter Include="Engine\Core">
      <UniqueIdentifier>{d7028ee6-d23d-43d7-b4ec-b83edb9d279c}</UniqueIdentifier>
    </Filter>
    <Filter Include="Engine\Scene">
      <UniqueIdentifier>{9aa821a0-7399-476e-9720-64b47251e3b5}</UniqueIdentifier>
    </Filter>
    <Filter Include="Game\Scene">
      <UniqueIdentifier>{f82ffe27-fabe-4f7f-adbe-d3e699c08723}</UniqueIdentifier>
    </Filter>
    <Filter Include="Engine\Helper">
      <UniqueIdentifier>{7c4d4b79-49ee-42a5-916b-129c52efef1c}</UniqueIdentifier>
    </Filter>
    <Filter Include="Engine\Utility">
      <UniqueIdentifier>{c019b09b-7d8c-43c3-892a-87353008c423}</UniqueIdentifier>
    </Filter>
    <Filter Include="Engine\Renderer">
      <UniqueIdentifier>{59efbd3c-a620-4ac2-a355-79fe787359ff}</UniqueIdentifier>
    </Filter>
    <Filter Include="Engine\Texture">
      <UniqueIdentifier>{1aa04248-17b8-44a7-bd4e-e8e6524a0ff2}</UniqueIdentifier>
    </Filter>
    <Filter Include="Engine\Input">
      <UniqueIdentifier>{6a3a2f17-0dad-4c26-8e7e-573150b00f99}</UniqueIdentifier>
    </Filter>
    <Filter Include="Engine\Time">
      <UniqueIdentifier>{adac2fa1-1264-4ad5-b4b1-e163db122c01}</UniqueIdentifier>
    </Filter>
    <Filter Include="Engine\Entity">
      <UniqueIdentifier>{2fa9080c-57d4-46fc-8bdb-8a361870f44d}</UniqueIdentifier>
    </Filter>
    <Filter Include="Engine\Management">
      <UniqueIdentifier>{1644601b-6852-471f-93bc-612d6effb94f}</UniqueIdentifier>
    </Filter>
    <Filter Include="Engine\Management\Content">
      <UniqueIdentifier>{677a0e9d-fc2b-46bc-b250-b4d37231a7ec}</UniqueIdentifier>
    </Filter>
    <Filter Include="Game\Core">
      <UniqueIdentifier>{a86fda48-2b0a-4fed-bc1b-07a45d3414b2}</UniqueIdentifier>
    </Filter>
    <Filter Include="Game\World">
      <UniqueIdentifier>{29afb20d-6414-4620-be7b-d7e6a217fe63}</UniqueIdentifier>
    </Filter>
    <Filter Include="Game\Entity">
      <UniqueIdentifier>{b3040ad9-4446-4de3-914d-c8e0603d3532}</UniqueIdentifier>
    </Filter>
    <Filter Include="Game\Entity\Player">
      <UniqueIdentifier>{c0c83824-16a8-4a51-988f-f5c7c2c52044}</UniqueIdentifier>
    </Filter>
    <Filter Include="Engine\Physic">
      <UniqueIdentifier>{9e41fc29-4d52-4182-a0ea-34aba9d32944}</UniqueIdentifier>
    </Filter>
    <Filter Include="Engine\Config">
      <UniqueIdentifier>{c2ba8b38-615b-4565-881a-9253c483d05b}</UniqueIdentifier>
    </Filter>
    <Filter Include="Engine\Animation">
      <UniqueIdentifier>{f5bdd84d-b3f0-486d-bbef-3c1db2f4152e}</UniqueIdentifier>
    </Filter>
    <Filter Include="Engine\Font">
      <UniqueIdentifier>{0c25f02a-db12-4d23-b705-50e8467868db}</UniqueIdentifier>
    </Filter>
    <Filter Include="Engine\Mouse">
      <UniqueIdentifier>{d520c1c8-eede-4f0f-8987-70d1567245f4}</UniqueIdentifier>
    </Filter>
    <Filter Include="Game\GameManager">
      <UniqueIdentifier>{aa9b12cf-fa04-4009-ae12-abebc86fb1c8}</UniqueIdentifier>
    </Filter>
  </ItemGroup>
  <ItemGroup>
    <ClInclude Include="Engine.h">
      <Filter>Engine\Core</Filter>
    </ClInclude>
    <ClInclude Include="Scene.h">
      <Filter>Engine\Scene</Filter>
    </ClInclude>
    <ClInclude Include="MainScene.h">
      <Filter>Game\Scene</Filter>
    </ClInclude>
    <ClInclude Include="Helper.h">
      <Filter>Engine\Helper</Filter>
    </ClInclude>
    <ClInclude Include="Rect.h">
      <Filter>Engine\Utility</Filter>
    </ClInclude>
    <ClInclude Include="Vector2.h">
      <Filter>Engine\Utility</Filter>
    </ClInclude>
    <ClInclude Include="Renderer.h">
      <Filter>Engine\Renderer</Filter>
    </ClInclude>
    <ClInclude Include="Texture.h">
      <Filter>Engine\Texture</Filter>
    </ClInclude>
    <ClInclude Include="Input.h">
      <Filter>Engine\Input</Filter>
    </ClInclude>
    <ClInclude Include="Time.h">
      <Filter>Engine\Time</Filter>
    </ClInclude>
    <ClInclude Include="Entity.h">
      <Filter>Engine\Entity</Filter>
    </ClInclude>
    <ClInclude Include="TexturedEntity.h">
      <Filter>Engine\Entity</Filter>
    </ClInclude>
    <ClInclude Include="ContentManagement.h">
      <Filter>Engine\Management\Content</Filter>
    </ClInclude>
    <ClInclude Include="Game.h">
      <Filter>Game\Core</Filter>
    </ClInclude>
    <ClInclude Include="World.h">
      <Filter>Game\World</Filter>
    </ClInclude>
    <ClInclude Include="Player.h">
      <Filter>Game\Entity\Player</Filter>
    </ClInclude>
    <ClInclude Include="Physic.h">
      <Filter>Engine\Physic</Filter>
    </ClInclude>
    <ClInclude Include="Enums.h">
      <Filter>Engine\Utility</Filter>
    </ClInclude>
    <ClInclude Include="Config.h">
      <Filter>Engine\Config</Filter>
    </ClInclude>
    <ClInclude Include="MoveEntity.h">
      <Filter>Engine\Entity</Filter>
    </ClInclude>
    <ClInclude Include="Animation.h">
      <Filter>Engine\Animation</Filter>
    </ClInclude>
    <ClInclude Include="Color.h">
      <Filter>Engine\Utility</Filter>
    </ClInclude>
    <ClInclude Include="Font.h">
      <Filter>Engine\Font</Filter>
    </ClInclude>
    <ClInclude Include="Text.h">
      <Filter>Engine\Entity</Filter>
    </ClInclude>
    <ClInclude Include="Mouse.h">
      <Filter>Engine\Mouse</Filter>
    </ClInclude>
    <ClInclude Include="MenuScene.h">
      <Filter>Game\Scene</Filter>
    </ClInclude>
    <ClInclude Include="GameManager.h">
      <Filter>Game\GameManager</Filter>
    </ClInclude>
  </ItemGroup>
</Project>