<?xml version="1.0" encoding="utf-8"?>
<Project ToolsVersion="4.0" xmlns="http://schemas.microsoft.com/developer/msbuild/2003">
  <ItemGroup>
    <ClCompile Include="main.cpp" />
    <ClCompile Include="Animation.cpp">
      <Filter>Engine\Animation</Filter>
    </ClCompile>
    <ClCompile Include="Engine.cpp">
      <Filter>Engine\Core</Filter>
    </ClCompile>
    <ClCompile Include="MoveEntity.cpp">
      <Filter>Engine\Entity</Filter>
    </ClCompile>
    <ClCompile Include="Text.cpp">
      <Filter>Engine\Entity</Filter>
    </ClCompile>
    <ClCompile Include="TexturedEntity.cpp">
      <Filter>Engine\Entity</Filter>
    </ClCompile>
    <ClCompile Include="Helper.cpp">
      <Filter>Engine\Helper</Filter>
    </ClCompile>
    <ClCompile Include="Input.cpp">
      <Filter>Engine\Input</Filter>
    </ClCompile>
    <ClCompile Include="Mouse.cpp">
      <Filter>Engine\Mouse</Filter>
    </ClCompile>
    <ClCompile Include="Physic.cpp">
      <Filter>Engine\Physic</Filter>
    </ClCompile>
    <ClCompile Include="Renderer.cpp">
      <Filter>Engine\Renderer</Filter>
    </ClCompile>
    <ClCompile Include="Texture.cpp">
      <Filter>Engine\Texture</Filter>
    </ClCompile>
    <ClCompile Include="Time.cpp">
      <Filter>Engine\Time</Filter>
    </ClCompile>
    <ClCompile Include="Player.cpp">
      <Filter>Game\Entity\Player</Filter>
    </ClCompile>
    <ClCompile Include="GameManager.cpp">
      <Filter>Game\GameManager</Filter>
    </ClCompile>
    <ClCompile Include="MainScene.cpp">
      <Filter>Game\Scene</Filter>
    </ClCompile>
    <ClCompile Include="MenuScene.cpp">
      <Filter>Game\Scene</Filter>
    </ClCompile>
    <ClCompile Include="World.cpp">
      <Filter>Game\World</Filter>
    </ClCompile>
    <ClCompile Include="Bullet.cpp">
      <Filter>Game\Entity\Bullet</Filter>
    </ClCompile>
    <ClCompile Include="Config.cpp">
      <Filter>Game\Config</Filter>
    </ClCompile>
    <ClCompile Include="Font.cpp">
      <Filter>Engine\Font</Filter>
    </ClCompile>
    <ClCompile Include="Game.cpp">
      <Filter>Game\Core</Filter>
    </ClCompile>
    <ClCompile Include="ContentManagement.cpp">
      <Filter>Engine\Management</Filter>
    </ClCompile>
    <ClCompile Include="Timer.cpp">
      <Filter>Game\Entity\Timer</Filter>
    </ClCompile>
    <ClCompile Include="TextureManagement.cpp">
      <Filter>Engine\Management</Filter>
    </ClCompile>
    <ClCompile Include="Entity.cpp">
      <Filter>Engine\Entity</Filter>
    </ClCompile>
  </ItemGroup>
  <ItemGroup>
    <ClInclude Include="Animation.h">
      <Filter>Engine\Animation</Filter>
    </ClInclude>
    <ClInclude Include="Config.h">
      <Filter>Game\Config</Filter>
    </ClInclude>
    <ClInclude Include="Engine.h">
      <Filter>Engine\Core</Filter>
    </ClInclude>
    <ClInclude Include="Entity.h">
      <Filter>Engine\Entity</Filter>
    </ClInclude>
    <ClInclude Include="MoveEntity.h">
      <Filter>Engine\Entity</Filter>
    </ClInclude>
    <ClInclude Include="Text.h">
      <Filter>Engine\Entity</Filter>
    </ClInclude>
    <ClInclude Include="TexturedEntity.h">
      <Filter>Engine\Entity</Filter>
    </ClInclude>
    <ClInclude Include="Font.h">
      <Filter>Engine\Font</Filter>
    </ClInclude>
    <ClInclude Include="Helper.h">
      <Filter>Engine\Helper</Filter>
    </ClInclude>
    <ClInclude Include="Input.h">
      <Filter>Engine\Input</Filter>
    </ClInclude>
    <ClInclude Include="Mouse.h">
      <Filter>Engine\Mouse</Filter>
    </ClInclude>
    <ClInclude Include="Physic.h">
      <Filter>Engine\Physic</Filter>
    </ClInclude>
    <ClInclude Include="Renderer.h">
      <Filter>Engine\Renderer</Filter>
    </ClInclude>
    <ClInclude Include="Scene.h">
      <Filter>Engine\Scene</Filter>
    </ClInclude>
    <ClInclude Include="Texture.h">
      <Filter>Engine\Texture</Filter>
    </ClInclude>
    <ClInclude Include="Time.h">
      <Filter>Engine\Time</Filter>
    </ClInclude>
    <ClInclude Include="Color.h">
      <Filter>Engine\Utility</Filter>
    </ClInclude>
    <ClInclude Include="Rect.h">
      <Filter>Engine\Utility</Filter>
    </ClInclude>
    <ClInclude Include="Vector2.h">
      <Filter>Engine\Utility</Filter>
    </ClInclude>
    <ClInclude Include="Game.h">
      <Filter>Game\Core</Filter>
    </ClInclude>
    <ClInclude Include="Player.h">
      <Filter>Game\Entity\Player</Filter>
    </ClInclude>
    <ClInclude Include="GameManager.h">
      <Filter>Game\GameManager</Filter>
    </ClInclude>
    <ClInclude Include="MainScene.h">
      <Filter>Game\Scene</Filter>
    </ClInclude>
    <ClInclude Include="MenuScene.h">
      <Filter>Game\Scene</Filter>
    </ClInclude>
    <ClInclude Include="World.h">
      <Filter>Game\World</Filter>
    </ClInclude>
    <ClInclude Include="Bullet.h">
      <Filter>Game\Entity\Bullet</Filter>
    </ClInclude>
    <ClInclude Include="Enum.h">
      <Filter>Engine\Utility</Filter>
    </ClInclude>
    <ClInclude Include="Macro.h">
      <Filter>Engine\Utility</Filter>
    </ClInclude>
    <ClInclude Include="Music.h">
      <Filter>Engine\Audio</Filter>
    </ClInclude>
    <ClInclude Include="Sound.h">
      <Filter>Engine\Audio</Filter>
    </ClInclude>
    <ClInclude Include="ContentManagement.h">
      <Filter>Engine\Management</Filter>
    </ClInclude>
    <ClInclude Include="TextureManagement.h">
      <Filter>Engine\Management</Filter>
    </ClInclude>
    <ClInclude Include="EGameLoop.h">
      <Filter>Game\GameManager</Filter>
    </ClInclude>
    <ClInclude Include="Timer.h">
      <Filter>Game\Entity\Timer</Filter>
    </ClInclude>
  </ItemGroup>
  <ItemGroup>
    <Filter Include="Engine">
      <UniqueIdentifier>{a505ff92-ac7f-4ff5-98d1-52b9a82fb6c2}</UniqueIdentifier>
    </Filter>
    <Filter Include="Engine\Animation">
      <UniqueIdentifier>{ae943c81-62c6-4334-b51b-c39d8f9be49b}</UniqueIdentifier>
    </Filter>
    <Filter Include="Engine\Core">
      <UniqueIdentifier>{2fa14853-baa5-4337-90d9-b708f7e228de}</UniqueIdentifier>
    </Filter>
    <Filter Include="Engine\Entity">
      <UniqueIdentifier>{bad2844d-a34b-4388-91f3-369be8469b19}</UniqueIdentifier>
    </Filter>
    <Filter Include="Engine\Font">
      <UniqueIdentifier>{cd44175c-e9ed-4eca-9ffa-f4b59f5377ce}</UniqueIdentifier>
    </Filter>
    <Filter Include="Engine\Helper">
      <UniqueIdentifier>{58972421-29dd-468f-b972-7863b0451368}</UniqueIdentifier>
    </Filter>
    <Filter Include="Engine\Input">
      <UniqueIdentifier>{d57c8512-a2f6-4773-9d0b-c7449f595459}</UniqueIdentifier>
    </Filter>
    <Filter Include="Engine\Management">
      <UniqueIdentifier>{6011a2b1-1887-4e72-ac54-6bb60212ae26}</UniqueIdentifier>
    </Filter>
    <Filter Include="Engine\Mouse">
      <UniqueIdentifier>{82953709-ab21-4318-9915-1236318746ed}</UniqueIdentifier>
    </Filter>
    <Filter Include="Engine\Physic">
      <UniqueIdentifier>{16c3092b-7d1a-459d-aefa-d02b8c2a1840}</UniqueIdentifier>
    </Filter>
    <Filter Include="Engine\Renderer">
      <UniqueIdentifier>{544eccfd-5b17-450d-910f-960fd122c84f}</UniqueIdentifier>
    </Filter>
    <Filter Include="Engine\Scene">
      <UniqueIdentifier>{45b93a6d-38d4-43c8-b66e-30d5750b1364}</UniqueIdentifier>
    </Filter>
    <Filter Include="Engine\Texture">
      <UniqueIdentifier>{ae3e8fba-017d-4988-9b2c-90bbdc0ce443}</UniqueIdentifier>
    </Filter>
    <Filter Include="Engine\Time">
      <UniqueIdentifier>{54be0679-4de6-49bf-b2a4-31da0367c918}</UniqueIdentifier>
    </Filter>
    <Filter Include="Engine\Utility">
      <UniqueIdentifier>{05799df2-d682-4d3c-8c42-c004625c7fc2}</UniqueIdentifier>
    </Filter>
    <Filter Include="Game">
      <UniqueIdentifier>{ad091c74-dffa-436c-9fd4-562e690aef27}</UniqueIdentifier>
    </Filter>
    <Filter Include="Game\Core">
      <UniqueIdentifier>{f67a3a58-53ad-4e5e-8e39-76fa70174eed}</UniqueIdentifier>
    </Filter>
    <Filter Include="Game\GameManager">
      <UniqueIdentifier>{c5c5dc47-3df4-4e0d-94e1-0dca2f53a6b0}</UniqueIdentifier>
    </Filter>
    <Filter Include="Game\Scene">
      <UniqueIdentifier>{5fa9b3e6-c517-4130-8922-7919eba97751}</UniqueIdentifier>
    </Filter>
    <Filter Include="Game\World">
      <UniqueIdentifier>{ef477d0c-f14c-44ef-a29a-f8824b446842}</UniqueIdentifier>
    </Filter>
    <Filter Include="Game\Config">
      <UniqueIdentifier>{32b9f6c7-04a6-456d-804b-71bc24a45ee6}</UniqueIdentifier>
    </Filter>
    <Filter Include="Engine\Audio">
      <UniqueIdentifier>{620dc68f-fbee-4fa4-b129-fb5d88962ede}</UniqueIdentifier>
    </Filter>
    <Filter Include="Game\Entity">
      <UniqueIdentifier>{b1810dff-3bf1-496a-a6f7-b3141a339a16}</UniqueIdentifier>
    </Filter>
    <Filter Include="Game\Entity\Player">
      <UniqueIdentifier>{f9c1bf8a-94ba-4578-a6fb-6c508fb9e7db}</UniqueIdentifier>
    </Filter>
    <Filter Include="Game\Entity\Bullet">
      <UniqueIdentifier>{c5c870bc-6c7d-4647-b831-f48c2aaff4b0}</UniqueIdentifier>
    </Filter>
    <Filter Include="Game\Entity\Timer">
      <UniqueIdentifier>{98c70832-b34c-4517-91cc-8189840e65be}</UniqueIdentifier>
    </Filter>
  </ItemGroup>
</Project>